<?xml version="1.0" encoding="utf-8"?>
<Project ToolsVersion="4.0" xmlns="http://schemas.microsoft.com/developer/msbuild/2003">
  <ItemGroup>
    <Filter Include="Source">
      <UniqueIdentifier>{4FC737F1-C7A5-4376-A066-2A32D752A2FF}</UniqueIdentifier>
      <Extensions>cpp;c;cc;cxx;c++;cppm;ixx;def;odl;idl;hpj;bat;asm;asmx</Extensions>
    </Filter>
  </ItemGroup>
  <ItemGroup>
    <ClCompile Include="Main.cpp">
      <Filter>Source</Filter>
    </ClCompile>
    <ClCompile Include="VCxProjParser.cpp">
      <Filter>Source</Filter>
    </ClCompile>
    <ClCompile Include="FilterMap.cpp">
      <Filter>Source</Filter>
    </ClCompile>
    <ClCompile Include="FilterFiles.cpp">
      <Filter>Source</Filter>
    </ClCompile>
    <ClCompile Include="FileFilters.cpp">
      <Filter>Source</Filter>
    </ClCompile>
    <ClCompile Include="FileMap.cpp">
      <Filter>Source</Filter>
    </ClCompile>
    <ClCompile Include="VCxProj.cpp">
      <Filter>Source</Filter>
    </ClCompile>
    <ClCompile Include="VCxProjects.cpp">
      <Filter>Source</Filter>
    </ClCompile>
  </ItemGroup>
  <ItemGroup>
    <ClInclude Include="VCxProjParser.h">
      <Filter>Source</Filter>
    </ClInclude>
    <ClInclude Include="FilterMap.h">
      <Filter>Source</Filter>
    </ClInclude>
    <ClInclude Include="FilterFiles.h">
      <Filter>Source</Filter>
    </ClInclude>
    <ClInclude Include="FileFilters.h">
      <Filter>Source</Filter>
    </ClInclude>
    <ClInclude Include="FileMap.h">
      <Filter>Source</Filter>
    </ClInclude>
    <ClInclude Include="VCxProj.h">
      <Filter>Source</Filter>
    </ClInclude>
    <ClInclude Include="VCxProjects.h">
      <Filter>Source</Filter>
    </ClInclude>
  </ItemGroup>
</Project>